
Microsoft Visual Studio Solution File, Format Version 12.00
# Visual Studio 14
VisualStudioVersion = 14.0.25420.1
MinimumVisualStudioVersion = 10.0.40219.1
Project("{8BC9CEB8-8B4A-11D0-8D11-00A0C91BC942}") = "Table", "Table\Table.vcxproj", "{E56DC8FE-FEA6-4862-9D86-5A7A5BB045CA}"
EndProject
Project("{8BC9CEB8-8B4A-11D0-8D11-00A0C91BC942}") = "CircleLinkList", "CircleLinkList\CircleLinkList.vcxproj", "{46D407EF-43DB-48BF-8108-17F57A0AA1DD}"
EndProject
Project("{8BC9CEB8-8B4A-11D0-8D11-00A0C91BC942}") = "Josephus", "Josephus\Josephus.vcxproj", "{C76A331F-D0A0-446C-880F-8A06FE9AE1A1}"
EndProject
Project("{8BC9CEB8-8B4A-11D0-8D11-00A0C91BC942}") = "Latin", "Latin\Latin.vcxproj", "{C0EE56DD-0F94-4F36-9424-EB49AB49C653}"
EndProject
Project("{8BC9CEB8-8B4A-11D0-8D11-00A0C91BC942}") = "Caser", "Caser\Caser.vcxproj", "{863CD371-9205-421E-A23B-A71CCDCB7F04}"
EndProject
Project("{8BC9CEB8-8B4A-11D0-8D11-00A0C91BC942}") = "Sysconvert", "Sysconvert\Sysconvert.vcxproj", "{52671311-CB69-408D-9225-A076A681D21F}"
EndProject
Project("{8BC9CEB8-8B4A-11D0-8D11-00A0C91BC942}") = "RPN", "RPN\RPN.vcxproj", "{0ED36CDB-3B3B-42F3-BB6D-87CC1F459239}"
EndProject
Project("{8BC9CEB8-8B4A-11D0-8D11-00A0C91BC942}") = "8InfixExp", "8InfixExp\8InfixExp.vcxproj", "{F377FA99-FEEF-462B-B4D4-8C2045E8B72D}"
EndProject
Project("{8BC9CEB8-8B4A-11D0-8D11-00A0C91BC942}") = "9Hannuo", "9Hannuo\9Hannuo.vcxproj", "{05B997BA-2F19-41E5-A353-CD71899110AF}"
EndProject
Project("{8BC9CEB8-8B4A-11D0-8D11-00A0C91BC942}") = "10Eightqueen", "10Eightqueen\10Eightqueen.vcxproj", "{B0FC4EE6-36C6-47F2-BCB8-4A54C018D61A}"
EndProject
Project("{8BC9CEB8-8B4A-11D0-8D11-00A0C91BC942}") = "11kmp", "11kmp\11kmp.vcxproj", "{3D58658D-DB57-4D29-8475-8AC67FDC487E}"
EndProject
Project("{8BC9CEB8-8B4A-11D0-8D11-00A0C91BC942}") = "12Tree", "12Tree\12Tree.vcxproj", "{97213628-1D54-418C-AA1E-B8CD4CAF025A}"
EndProject
Global
	GlobalSection(SolutionConfigurationPlatforms) = preSolution
		Debug|x64 = Debug|x64
		Debug|x86 = Debug|x86
		Release|x64 = Release|x64
		Release|x86 = Release|x86
	EndGlobalSection
	GlobalSection(ProjectConfigurationPlatforms) = postSolution
		{E56DC8FE-FEA6-4862-9D86-5A7A5BB045CA}.Debug|x64.ActiveCfg = Debug|x64
		{E56DC8FE-FEA6-4862-9D86-5A7A5BB045CA}.Debug|x64.Build.0 = Debug|x64
		{E56DC8FE-FEA6-4862-9D86-5A7A5BB045CA}.Debug|x86.ActiveCfg = Debug|Win32
		{E56DC8FE-FEA6-4862-9D86-5A7A5BB045CA}.Debug|x86.Build.0 = Debug|Win32
		{E56DC8FE-FEA6-4862-9D86-5A7A5BB045CA}.Release|x64.ActiveCfg = Release|x64
		{E56DC8FE-FEA6-4862-9D86-5A7A5BB045CA}.Release|x64.Build.0 = Release|x64
		{E56DC8FE-FEA6-4862-9D86-5A7A5BB045CA}.Release|x86.ActiveCfg = Release|Win32
		{E56DC8FE-FEA6-4862-9D86-5A7A5BB045CA}.Release|x86.Build.0 = Release|Win32
		{46D407EF-43DB-48BF-8108-17F57A0AA1DD}.Debug|x64.ActiveCfg = Debug|x64
		{46D407EF-43DB-48BF-8108-17F57A0AA1DD}.Debug|x64.Build.0 = Debug|x64
		{46D407EF-43DB-48BF-8108-17F57A0AA1DD}.Debug|x86.ActiveCfg = Debug|Win32
		{46D407EF-43DB-48BF-8108-17F57A0AA1DD}.Debug|x86.Build.0 = Debug|Win32
		{46D407EF-43DB-48BF-8108-17F57A0AA1DD}.Release|x64.ActiveCfg = Release|x64
		{46D407EF-43DB-48BF-8108-17F57A0AA1DD}.Release|x64.Build.0 = Release|x64
		{46D407EF-43DB-48BF-8108-17F57A0AA1DD}.Release|x86.ActiveCfg = Release|Win32
		{46D407EF-43DB-48BF-8108-17F57A0AA1DD}.Release|x86.Build.0 = Release|Win32
		{C76A331F-D0A0-446C-880F-8A06FE9AE1A1}.Debug|x64.ActiveCfg = Debug|x64
		{C76A331F-D0A0-446C-880F-8A06FE9AE1A1}.Debug|x64.Build.0 = Debug|x64
		{C76A331F-D0A0-446C-880F-8A06FE9AE1A1}.Debug|x86.ActiveCfg = Debug|Win32
		{C76A331F-D0A0-446C-880F-8A06FE9AE1A1}.Debug|x86.Build.0 = Debug|Win32
		{C76A331F-D0A0-446C-880F-8A06FE9AE1A1}.Release|x64.ActiveCfg = Release|x64
		{C76A331F-D0A0-446C-880F-8A06FE9AE1A1}.Release|x64.Build.0 = Release|x64
		{C76A331F-D0A0-446C-880F-8A06FE9AE1A1}.Release|x86.ActiveCfg = Release|Win32
		{C76A331F-D0A0-446C-880F-8A06FE9AE1A1}.Release|x86.Build.0 = Release|Win32
		{C0EE56DD-0F94-4F36-9424-EB49AB49C653}.Debug|x64.ActiveCfg = Debug|x64
		{C0EE56DD-0F94-4F36-9424-EB49AB49C653}.Debug|x64.Build.0 = Debug|x64
		{C0EE56DD-0F94-4F36-9424-EB49AB49C653}.Debug|x86.ActiveCfg = Debug|Win32
		{C0EE56DD-0F94-4F36-9424-EB49AB49C653}.Debug|x86.Build.0 = Debug|Win32
		{C0EE56DD-0F94-4F36-9424-EB49AB49C653}.Release|x64.ActiveCfg = Release|x64
		{C0EE56DD-0F94-4F36-9424-EB49AB49C653}.Release|x64.Build.0 = Release|x64
		{C0EE56DD-0F94-4F36-9424-EB49AB49C653}.Release|x86.ActiveCfg = Release|Win32
		{C0EE56DD-0F94-4F36-9424-EB49AB49C653}.Release|x86.Build.0 = Release|Win32
		{863CD371-9205-421E-A23B-A71CCDCB7F04}.Debug|x64.ActiveCfg = Debug|x64
		{863CD371-9205-421E-A23B-A71CCDCB7F04}.Debug|x64.Build.0 = Debug|x64
		{863CD371-9205-421E-A23B-A71CCDCB7F04}.Debug|x86.ActiveCfg = Debug|Win32
		{863CD371-9205-421E-A23B-A71CCDCB7F04}.Debug|x86.Build.0 = Debug|Win32
		{863CD371-9205-421E-A23B-A71CCDCB7F04}.Release|x64.ActiveCfg = Release|x64
		{863CD371-9205-421E-A23B-A71CCDCB7F04}.Release|x64.Build.0 = Release|x64
		{863CD371-9205-421E-A23B-A71CCDCB7F04}.Release|x86.ActiveCfg = Release|Win32
		{863CD371-9205-421E-A23B-A71CCDCB7F04}.Release|x86.Build.0 = Release|Win32
		{52671311-CB69-408D-9225-A076A681D21F}.Debug|x64.ActiveCfg = Debug|x64
		{52671311-CB69-408D-9225-A076A681D21F}.Debug|x64.Build.0 = Debug|x64
		{52671311-CB69-408D-9225-A076A681D21F}.Debug|x86.ActiveCfg = Debug|Win32
		{52671311-CB69-408D-9225-A076A681D21F}.Debug|x86.Build.0 = Debug|Win32
		{52671311-CB69-408D-9225-A076A681D21F}.Release|x64.ActiveCfg = Release|x64
		{52671311-CB69-408D-9225-A076A681D21F}.Release|x64.Build.0 = Release|x64
		{52671311-CB69-408D-9225-A076A681D21F}.Release|x86.ActiveCfg = Release|Win32
		{52671311-CB69-408D-9225-A076A681D21F}.Release|x86.Build.0 = Release|Win32
		{0ED36CDB-3B3B-42F3-BB6D-87CC1F459239}.Debug|x64.ActiveCfg = Debug|x64
		{0ED36CDB-3B3B-42F3-BB6D-87CC1F459239}.Debug|x64.Build.0 = Debug|x64
		{0ED36CDB-3B3B-42F3-BB6D-87CC1F459239}.Debug|x86.ActiveCfg = Debug|Win32
		{0ED36CDB-3B3B-42F3-BB6D-87CC1F459239}.Debug|x86.Build.0 = Debug|Win32
		{0ED36CDB-3B3B-42F3-BB6D-87CC1F459239}.Release|x64.ActiveCfg = Release|x64
		{0ED36CDB-3B3B-42F3-BB6D-87CC1F459239}.Release|x64.Build.0 = Release|x64
		{0ED36CDB-3B3B-42F3-BB6D-87CC1F459239}.Release|x86.ActiveCfg = Release|Win32
		{0ED36CDB-3B3B-42F3-BB6D-87CC1F459239}.Release|x86.Build.0 = Release|Win32
		{F377FA99-FEEF-462B-B4D4-8C2045E8B72D}.Debug|x64.ActiveCfg = Debug|x64
		{F377FA99-FEEF-462B-B4D4-8C2045E8B72D}.Debug|x64.Build.0 = Debug|x64
		{F377FA99-FEEF-462B-B4D4-8C2045E8B72D}.Debug|x86.ActiveCfg = Debug|Win32
		{F377FA99-FEEF-462B-B4D4-8C2045E8B72D}.Debug|x86.Build.0 = Debug|Win32
		{F377FA99-FEEF-462B-B4D4-8C2045E8B72D}.Release|x64.ActiveCfg = Release|x64
		{F377FA99-FEEF-462B-B4D4-8C2045E8B72D}.Release|x64.Build.0 = Release|x64
		{F377FA99-FEEF-462B-B4D4-8C2045E8B72D}.Release|x86.ActiveCfg = Release|Win32
		{F377FA99-FEEF-462B-B4D4-8C2045E8B72D}.Release|x86.Build.0 = Release|Win32
		{05B997BA-2F19-41E5-A353-CD71899110AF}.Debug|x64.ActiveCfg = Debug|x64
		{05B997BA-2F19-41E5-A353-CD71899110AF}.Debug|x64.Build.0 = Debug|x64
		{05B997BA-2F19-41E5-A353-CD71899110AF}.Debug|x86.ActiveCfg = Debug|Win32
		{05B997BA-2F19-41E5-A353-CD71899110AF}.Debug|x86.Build.0 = Debug|Win32
		{05B997BA-2F19-41E5-A353-CD71899110AF}.Release|x64.ActiveCfg = Release|x64
		{05B997BA-2F19-41E5-A353-CD71899110AF}.Release|x64.Build.0 = Release|x64
		{05B997BA-2F19-41E5-A353-CD71899110AF}.Release|x86.ActiveCfg = Release|Win32
		{05B997BA-2F19-41E5-A353-CD71899110AF}.Release|x86.Build.0 = Release|Win32
		{B0FC4EE6-36C6-47F2-BCB8-4A54C018D61A}.Debug|x64.ActiveCfg = Debug|x64
		{B0FC4EE6-36C6-47F2-BCB8-4A54C018D61A}.Debug|x64.Build.0 = Debug|x64
		{B0FC4EE6-36C6-47F2-BCB8-4A54C018D61A}.Debug|x86.ActiveCfg = Debug|Win32
		{B0FC4EE6-36C6-47F2-BCB8-4A54C018D61A}.Debug|x86.Build.0 = Debug|Win32
		{B0FC4EE6-36C6-47F2-BCB8-4A54C018D61A}.Release|x64.ActiveCfg = Release|x64
		{B0FC4EE6-36C6-47F2-BCB8-4A54C018D61A}.Release|x64.Build.0 = Release|x64
		{B0FC4EE6-36C6-47F2-BCB8-4A54C018D61A}.Release|x86.ActiveCfg = Release|Win32
		{B0FC4EE6-36C6-47F2-BCB8-4A54C018D61A}.Release|x86.Build.0 = Release|Win32
		{3D58658D-DB57-4D29-8475-8AC67FDC487E}.Debug|x64.ActiveCfg = Debug|x64
		{3D58658D-DB57-4D29-8475-8AC67FDC487E}.Debug|x64.Build.0 = Debug|x64
		{3D58658D-DB57-4D29-8475-8AC67FDC487E}.Debug|x86.ActiveCfg = Debug|Win32
		{3D58658D-DB57-4D29-8475-8AC67FDC487E}.Debug|x86.Build.0 = Debug|Win32
		{3D58658D-DB57-4D29-8475-8AC67FDC487E}.Release|x64.ActiveCfg = Release|x64
		{3D58658D-DB57-4D29-8475-8AC67FDC487E}.Release|x64.Build.0 = Release|x64
		{3D58658D-DB57-4D29-8475-8AC67FDC487E}.Release|x86.ActiveCfg = Release|Win32
		{3D58658D-DB57-4D29-8475-8AC67FDC487E}.Release|x86.Build.0 = Release|Win32
		{97213628-1D54-418C-AA1E-B8CD4CAF025A}.Debug|x64.ActiveCfg = Debug|x64
		{97213628-1D54-418C-AA1E-B8CD4CAF025A}.Debug|x64.Build.0 = Debug|x64
		{97213628-1D54-418C-AA1E-B8CD4CAF025A}.Debug|x86.ActiveCfg = Debug|Win32
		{97213628-1D54-418C-AA1E-B8CD4CAF025A}.Debug|x86.Build.0 = Debug|Win32
		{97213628-1D54-418C-AA1E-B8CD4CAF025A}.Release|x64.ActiveCfg = Release|x64
		{97213628-1D54-418C-AA1E-B8CD4CAF025A}.Release|x64.Build.0 = Release|x64
		{97213628-1D54-418C-AA1E-B8CD4CAF025A}.Release|x86.ActiveCfg = Release|Win32
		{97213628-1D54-418C-AA1E-B8CD4CAF025A}.Release|x86.Build.0 = Release|Win32
	EndGlobalSection
	GlobalSection(SolutionProperties) = preSolution
		HideSolutionNode = FALSE
	EndGlobalSection
EndGlobal
